
Microsoft Visual Studio Solution File, Format Version 12.00
# Visual Studio 15
VisualStudioVersion = 15.0.28307.1062
MinimumVisualStudioVersion = 10.0.40219.1
Project("{8BC9CEB8-8B4A-11D0-8D11-00A0C91BC942}") = "unzip_demo", "unzip_demo\unzip_demo.vcxproj", "{1B26957F-34CF-4954-99EC-310A34760FEB}"
EndProject
Project("{8BC9CEB8-8B4A-11D0-8D11-00A0C91BC942}") = "zip_demo", "zip_demo\zip_demo.vcxproj", "{A77D0117-6EB4-406E-9173-41427A61F766}"
EndProject
Global
	GlobalSection(SolutionConfigurationPlatforms) = preSolution
		Debug|x64 = Debug|x64
		Debug|x86 = Debug|x86
		Release|x64 = Release|x64
		Release|x86 = Release|x86
	EndGlobalSection
	GlobalSection(ProjectConfigurationPlatforms) = postSolution
		{1B26957F-34CF-4954-99EC-310A34760FEB}.Debug|x64.ActiveCfg = Debug|x64
		{1B26957F-34CF-4954-99EC-310A34760FEB}.Debug|x64.Build.0 = Debug|x64
		{1B26957F-34CF-4954-99EC-310A34760FEB}.Debug|x86.ActiveCfg = Debug|Win32
		{1B26957F-34CF-4954-99EC-310A34760FEB}.Debug|x86.Build.0 = Debug|Win32
		{1B26957F-34CF-4954-99EC-310A34760FEB}.Release|x64.ActiveCfg = Release|x64
		{1B26957F-34CF-4954-99EC-310A34760FEB}.Release|x64.Build.0 = Release|x64
		{1B26957F-34CF-4954-99EC-310A34760FEB}.Release|x86.ActiveCfg = Release|Win32
		{1B26957F-34CF-4954-99EC-310A34760FEB}.Release|x86.Build.0 = Release|Win32
		{A77D0117-6EB4-406E-9173-41427A61F766}.Debug|x64.ActiveCfg = Debug|x64
		{A77D0117-6EB4-406E-9173-41427A61F766}.Debug|x64.Build.0 = Debug|x64
		{A77D0117-6EB4-406E-9173-41427A61F766}.Debug|x86.ActiveCfg = Debug|Win32
		{A77D0117-6EB4-406E-9173-41427A61F766}.Debug|x86.Build.0 = Debug|Win32
		{A77D0117-6EB4-406E-9173-41427A61F766}.Release|x64.ActiveCfg = Release|x64
		{A77D0117-6EB4-406E-9173-41427A61F766}.Release|x64.Build.0 = Release|x64
		{A77D0117-6EB4-406E-9173-41427A61F766}.Release|x86.ActiveCfg = Release|Win32
		{A77D0117-6EB4-406E-9173-41427A61F766}.Release|x86.Build.0 = Release|Win32
	EndGlobalSection
	GlobalSection(SolutionProperties) = preSolution
		HideSolutionNode = FALSE
	EndGlobalSection
	GlobalSection(ExtensibilityGlobals) = postSolution
		SolutionGuid = {9AC0DB37-A34A-4004-888F-870043B486F8}
	EndGlobalSection
EndGlobal
