<?xml version="1.0" encoding="utf-8"?>
<Project ToolsVersion="4.0" xmlns="http://schemas.microsoft.com/developer/msbuild/2003">
  <ItemGroup>
    <Filter Include="源文件">
      <UniqueIdentifier>{4FC737F1-C7A5-4376-A066-2A32D752A2FF}</UniqueIdentifier>
      <Extensions>cpp;c;cc;cxx;def;odl;idl;hpj;bat;asm;asmx</Extensions>
    </Filter>
    <Filter Include="头文件">
      <UniqueIdentifier>{93995380-89BD-4b04-88EB-625FBE52EBFB}</UniqueIdentifier>
      <Extensions>h;hh;hpp;hxx;hm;inl;inc;ipp;xsd</Extensions>
    </Filter>
    <Filter Include="资源文件">
      <UniqueIdentifier>{67DA6AB6-F800-4c08-8B7A-83BB121AAD01}</UniqueIdentifier>
      <Extensions>rc;ico;cur;bmp;dlg;rc2;rct;bin;rgs;gif;jpg;jpeg;jpe;resx;tiff;tif;png;wav;mfcribbon-ms</Extensions>
    </Filter>
    <Filter Include="zlib">
      <UniqueIdentifier>{2e9fd70d-9247-4ee0-9b55-3ffcf8207754}</UniqueIdentifier>
    </Filter>
  </ItemGroup>
  <ItemGroup>
    <ClCompile Include="zip_demo.cpp">
      <Filter>源文件</Filter>
    </ClCompile>
    <ClCompile Include="..\zlib-1.2.11\contrib\minizip\zip.c">
      <Filter>zlib</Filter>
    </ClCompile>
    <ClCompile Include="..\zlib-1.2.11\adler32.c">
      <Filter>zlib</Filter>
    </ClCompile>
    <ClCompile Include="..\zlib-1.2.11\compress.c">
      <Filter>zlib</Filter>
    </ClCompile>
    <ClCompile Include="..\zlib-1.2.11\crc32.c">
      <Filter>zlib</Filter>
    </ClCompile>
    <ClCompile Include="..\zlib-1.2.11\deflate.c">
      <Filter>zlib</Filter>
    </ClCompile>
    <ClCompile Include="..\zlib-1.2.11\gzclose.c">
      <Filter>zlib</Filter>
    </ClCompile>
    <ClCompile Include="..\zlib-1.2.11\gzlib.c">
      <Filter>zlib</Filter>
    </ClCompile>
    <ClCompile Include="..\zlib-1.2.11\gzread.c">
      <Filter>zlib</Filter>
    </ClCompile>
    <ClCompile Include="..\zlib-1.2.11\gzwrite.c">
      <Filter>zlib</Filter>
    </ClCompile>
    <ClCompile Include="..\zlib-1.2.11\infback.c">
      <Filter>zlib</Filter>
    </ClCompile>
    <ClCompile Include="..\zlib-1.2.11\inffast.c">
      <Filter>zlib</Filter>
    </ClCompile>
    <ClCompile Include="..\zlib-1.2.11\inflate.c">
      <Filter>zlib</Filter>
    </ClCompile>
    <ClCompile Include="..\zlib-1.2.11\inftrees.c">
      <Filter>zlib</Filter>
    </ClCompile>
    <ClCompile Include="..\zlib-1.2.11\minishared.c">
      <Filter>zlib</Filter>
    </ClCompile>
    <ClCompile Include="..\zlib-1.2.11\trees.c">
      <Filter>zlib</Filter>
    </ClCompile>
    <ClCompile Include="..\zlib-1.2.11\uncompr.c">
      <Filter>zlib</Filter>
    </ClCompile>
    <ClCompile Include="..\zlib-1.2.11\zutil.c">
      <Filter>zlib</Filter>
    </ClCompile>
    <ClCompile Include="..\zlib-1.2.11\contrib\minizip\ioapi.c">
      <Filter>zlib</Filter>
    </ClCompile>
    <ClCompile Include="..\zlib-1.2.11\contrib\minizip\iowin32.c">
      <Filter>zlib</Filter>
    </ClCompile>
  </ItemGroup>
  <ItemGroup>
    <ClInclude Include="..\zlib-1.2.11\crc32.h">
      <Filter>zlib</Filter>
    </ClInclude>
    <ClInclude Include="..\zlib-1.2.11\deflate.h">
      <Filter>zlib</Filter>
    </ClInclude>
    <ClInclude Include="..\zlib-1.2.11\gzguts.h">
      <Filter>zlib</Filter>
    </ClInclude>
    <ClInclude Include="..\zlib-1.2.11\inffast.h">
      <Filter>zlib</Filter>
    </ClInclude>
    <ClInclude Include="..\zlib-1.2.11\inffixed.h">
      <Filter>zlib</Filter>
    </ClInclude>
    <ClInclude Include="..\zlib-1.2.11\inflate.h">
      <Filter>zlib</Filter>
    </ClInclude>
    <ClInclude Include="..\zlib-1.2.11\inftrees.h">
      <Filter>zlib</Filter>
    </ClInclude>
    <ClInclude Include="..\zlib-1.2.11\minishared.h">
      <Filter>zlib</Filter>
    </ClInclude>
    <ClInclude Include="..\zlib-1.2.11\trees.h">
      <Filter>zlib</Filter>
    </ClInclude>
    <ClInclude Include="..\zlib-1.2.11\zconf.h">
      <Filter>zlib</Filter>
    </ClInclude>
    <ClInclude Include="..\zlib-1.2.11\zlib.h">
      <Filter>zlib</Filter>
    </ClInclude>
    <ClInclude Include="..\zlib-1.2.11\zutil.h">
      <Filter>zlib</Filter>
    </ClInclude>
  </ItemGroup>
</Project>